<?xml version="1.0" encoding="utf-8"?>
<Project ToolsVersion="4.0" xmlns="http://schemas.microsoft.com/developer/msbuild/2003">
  <ItemGroup>
    <ClCompile Include="LI_EU4_Converter.cpp" />
    <ClCompile Include="EU4_Country.cpp" />
    <ClCompile Include="EU4_Province.cpp" />
    <ClCompile Include="EU4_ProvinceCollection.cpp" />
    <ClCompile Include="FileUtilities.cpp" />
    <ClCompile Include="StringUtilities.cpp" />
    <ClCompile Include="LI_EU4_ProvinceMapping.cpp" />
    <ClCompile Include="CK2_Title.cpp" />
    <ClCompile Include="CK2_Province.cpp" />
    <ClCompile Include="CK2_ProvinceCollection.cpp" />
    <ClCompile Include="CK2_TitleCollection.cpp" />
    <ClCompile Include="Parser.cpp" />
    <ClCompile Include="EU4_CountryCollection.cpp" />
    <ClCompile Include="LI_EU4_TitleCountryMapping.cpp" />
    <ClCompile Include="Colour.cpp" />
    <ClCompile Include="Log.cpp" />
    <ClCompile Include="CK2_World.cpp" />
    <ClCompile Include="EU4_World.cpp" />
    <ClCompile Include="LI_EU4_World.cpp" />
  </ItemGroup>
  <ItemGroup>
    <ClInclude Include="EU4_Country.h" />
    <ClInclude Include="EU4_Province.h" />
    <ClInclude Include="EU4_ProvinceCollection.h" />
    <ClInclude Include="FileUtilities.h" />
    <ClInclude Include="StringUtilities.h" />
    <ClInclude Include="LI_EU4_ProvinceMapping.h" />
    <ClInclude Include="Parser.h" />
    <ClInclude Include="CK2_Title.h" />
    <ClInclude Include="CK2_Province.h" />
    <ClInclude Include="CK2_ProvinceCollection.h" />
    <ClInclude Include="CK2_TitleCollection.h" />
    <ClInclude Include="EU4_CountryCollection.h" />
    <ClInclude Include="LI_EU4_TitleCountryMapping.h" />
    <ClInclude Include="Colour.h" />
    <ClInclude Include="Log.h" />
    <ClInclude Include="CK2_World.h" />
    <ClInclude Include="EU4_World.h" />
    <ClInclude Include="LI_EU4_World.h" />
  </ItemGroup>
</Project>